
Microsoft Visual Studio Solution File, Format Version 12.00
# Visual Studio Version 17
VisualStudioVersion = 17.6.33829.357
MinimumVisualStudioVersion = 10.0.40219.1
Project("{FAE04EC0-301F-11D3-BF4B-00C04F79EFBC}") = "lab_20DTHA4", "lab_20DTHA4\lab_20DTHA4.csproj", "{93785EF2-8B05-4803-A826-6D06E5A3DF90}"
EndProject
Global
	GlobalSection(SolutionConfigurationPlatforms) = preSolution
		Debug|Any CPU = Debug|Any CPU
		Release|Any CPU = Release|Any CPU
	EndGlobalSection
	GlobalSection(ProjectConfigurationPlatforms) = postSolution
		{93785EF2-8B05-4803-A826-6D06E5A3DF90}.Debug|Any CPU.ActiveCfg = Debug|Any CPU
		{93785EF2-8B05-4803-A826-6D06E5A3DF90}.Debug|Any CPU.Build.0 = Debug|Any CPU
		{93785EF2-8B05-4803-A826-6D06E5A3DF90}.Release|Any CPU.ActiveCfg = Release|Any CPU
		{93785EF2-8B05-4803-A826-6D06E5A3DF90}.Release|Any CPU.Build.0 = Release|Any CPU
	EndGlobalSection
	GlobalSection(SolutionProperties) = preSolution
		HideSolutionNode = FALSE
	EndGlobalSection
	GlobalSection(ExtensibilityGlobals) = postSolution
		SolutionGuid = {08F36D72-2578-416E-B7B2-8EBB61918E83}
	EndGlobalSection
EndGlobal
